
Microsoft Visual Studio Solution File, Format Version 12.00
# Visual Studio 15
VisualStudioVersion = 15.0.28010.0
MinimumVisualStudioVersion = 10.0.40219.1
Project("{FAE04EC0-301F-11D3-BF4B-00C04F79EFBC}") = "layui", "layui\layui.csproj", "{C55CABC5-17C4-4EC4-943C-50BFF5B5AD83}"
EndProject
Project("{FAE04EC0-301F-11D3-BF4B-00C04F79EFBC}") = "layuiBLL", "layuiBLL\layuiBLL.csproj", "{1CC19FB5-D1CE-4AC3-AD8A-F58AA16380EF}"
EndProject
Global
	GlobalSection(SolutionConfigurationPlatforms) = preSolution
		Debug|Any CPU = Debug|Any CPU
		Release|Any CPU = Release|Any CPU
	EndGlobalSection
	GlobalSection(ProjectConfigurationPlatforms) = postSolution
		{C55CABC5-17C4-4EC4-943C-50BFF5B5AD83}.Debug|Any CPU.ActiveCfg = Debug|Any CPU
		{C55CABC5-17C4-4EC4-943C-50BFF5B5AD83}.Debug|Any CPU.Build.0 = Debug|Any CPU
		{C55CABC5-17C4-4EC4-943C-50BFF5B5AD83}.Release|Any CPU.ActiveCfg = Release|Any CPU
		{C55CABC5-17C4-4EC4-943C-50BFF5B5AD83}.Release|Any CPU.Build.0 = Release|Any CPU
		{1CC19FB5-D1CE-4AC3-AD8A-F58AA16380EF}.Debug|Any CPU.ActiveCfg = Debug|Any CPU
		{1CC19FB5-D1CE-4AC3-AD8A-F58AA16380EF}.Debug|Any CPU.Build.0 = Debug|Any CPU
		{1CC19FB5-D1CE-4AC3-AD8A-F58AA16380EF}.Release|Any CPU.ActiveCfg = Release|Any CPU
		{1CC19FB5-D1CE-4AC3-AD8A-F58AA16380EF}.Release|Any CPU.Build.0 = Release|Any CPU
	EndGlobalSection
	GlobalSection(SolutionProperties) = preSolution
		HideSolutionNode = FALSE
	EndGlobalSection
	GlobalSection(ExtensibilityGlobals) = postSolution
		SolutionGuid = {F68590C3-2B02-4297-9163-EB71CAD3536B}
	EndGlobalSection
EndGlobal
